Microsoft Visual Studio Solution File, Format Version 12.00
# Visual Studio 15
VisualStudioVersion = 15.0.28307.106
MinimumVisualStudioVersion = 10.0.40219.1
Project("{9A19103F-16F7-4668-BE54-9A1E7A4F7556}") = "Optix_Sample_DynamicDataGridCretion", "Optix_Sample_DynamicDataGridCretion.csproj", "{F1F83C26-C874-6801-0309-8B85C11B84B7}"
EndProject
Global
    GlobalSection(SolutionConfigurationPlatforms) = preSolution
        Debug|Any CPU = Debug|Any CPU
        Release|Any CPU = Release|Any CPU
    EndGlobalSection
    GlobalSection(ProjectConfigurationPlatforms) = postSolution
        {F1F83C26-C874-6801-0309-8B85C11B84B7}.Debug|Any CPU.ActiveCfg = Debug|Any CPU
        {F1F83C26-C874-6801-0309-8B85C11B84B7}.Debug|Any CPU.Build.0 = Debug|Any CPU
        {F1F83C26-C874-6801-0309-8B85C11B84B7}.Release|Any CPU.ActiveCfg = Release|Any CPU
        {F1F83C26-C874-6801-0309-8B85C11B84B7}.Release|Any CPU.Build.0 = Release|Any CPU
    EndGlobalSection
    GlobalSection(SolutionProperties) = preSolution
        HideSolutionNode = FALSE
    EndGlobalSection
EndGlobal
